
Microsoft Visual Studio Solution File, Format Version 12.00
# Visual Studio Version 17
VisualStudioVersion = 17.14.36408.4 d17.14
MinimumVisualStudioVersion = 10.0.40219.1
Project("{FAE04EC0-301F-11D3-BF4B-00C04F79EFBC}") = "Alumnos", "Alumnos\Alumnos.csproj", "{8F4688E2-5A68-4CAA-98CE-4CF2F2EB9A32}"
EndProject
Project("{FAE04EC0-301F-11D3-BF4B-00C04F79EFBC}") = "cadenaCaracteres", "cadenaCaracteres\cadenaCaracteres.csproj", "{0F596EFE-1270-4F7D-B728-6495C543BD75}"
EndProject
Project("{FAE04EC0-301F-11D3-BF4B-00C04F79EFBC}") = "frase", "frase\frase.csproj", "{9C07E4F8-2769-4E4D-858D-18F471FBB8D3}"
EndProject
Project("{FAE04EC0-301F-11D3-BF4B-00C04F79EFBC}") = "fraseVocal", "fraseVocal\fraseVocal.csproj", "{3B4717DE-9A66-4A91-999E-732851236941}"
EndProject
Project("{FAE04EC0-301F-11D3-BF4B-00C04F79EFBC}") = "codigoMorse", "codigoMorse\codigoMorse.csproj", "{C45D77BF-B6CF-4651-A4E1-C4740B5DB111}"
EndProject
Global
	GlobalSection(SolutionConfigurationPlatforms) = preSolution
		Debug|Any CPU = Debug|Any CPU
		Release|Any CPU = Release|Any CPU
	EndGlobalSection
	GlobalSection(ProjectConfigurationPlatforms) = postSolution
		{8F4688E2-5A68-4CAA-98CE-4CF2F2EB9A32}.Debug|Any CPU.ActiveCfg = Debug|Any CPU
		{8F4688E2-5A68-4CAA-98CE-4CF2F2EB9A32}.Debug|Any CPU.Build.0 = Debug|Any CPU
		{8F4688E2-5A68-4CAA-98CE-4CF2F2EB9A32}.Release|Any CPU.ActiveCfg = Release|Any CPU
		{8F4688E2-5A68-4CAA-98CE-4CF2F2EB9A32}.Release|Any CPU.Build.0 = Release|Any CPU
		{0F596EFE-1270-4F7D-B728-6495C543BD75}.Debug|Any CPU.ActiveCfg = Debug|Any CPU
		{0F596EFE-1270-4F7D-B728-6495C543BD75}.Debug|Any CPU.Build.0 = Debug|Any CPU
		{0F596EFE-1270-4F7D-B728-6495C543BD75}.Release|Any CPU.ActiveCfg = Release|Any CPU
		{0F596EFE-1270-4F7D-B728-6495C543BD75}.Release|Any CPU.Build.0 = Release|Any CPU
		{9C07E4F8-2769-4E4D-858D-18F471FBB8D3}.Debug|Any CPU.ActiveCfg = Debug|Any CPU
		{9C07E4F8-2769-4E4D-858D-18F471FBB8D3}.Debug|Any CPU.Build.0 = Debug|Any CPU
		{9C07E4F8-2769-4E4D-858D-18F471FBB8D3}.Release|Any CPU.ActiveCfg = Release|Any CPU
		{9C07E4F8-2769-4E4D-858D-18F471FBB8D3}.Release|Any CPU.Build.0 = Release|Any CPU
		{3B4717DE-9A66-4A91-999E-732851236941}.Debug|Any CPU.ActiveCfg = Debug|Any CPU
		{3B4717DE-9A66-4A91-999E-732851236941}.Debug|Any CPU.Build.0 = Debug|Any CPU
		{3B4717DE-9A66-4A91-999E-732851236941}.Release|Any CPU.ActiveCfg = Release|Any CPU
		{3B4717DE-9A66-4A91-999E-732851236941}.Release|Any CPU.Build.0 = Release|Any CPU
		{C45D77BF-B6CF-4651-A4E1-C4740B5DB111}.Debug|Any CPU.ActiveCfg = Debug|Any CPU
		{C45D77BF-B6CF-4651-A4E1-C4740B5DB111}.Debug|Any CPU.Build.0 = Debug|Any CPU
		{C45D77BF-B6CF-4651-A4E1-C4740B5DB111}.Release|Any CPU.ActiveCfg = Release|Any CPU
		{C45D77BF-B6CF-4651-A4E1-C4740B5DB111}.Release|Any CPU.Build.0 = Release|Any CPU
	EndGlobalSection
	GlobalSection(SolutionProperties) = preSolution
		HideSolutionNode = FALSE
	EndGlobalSection
	GlobalSection(ExtensibilityGlobals) = postSolution
		SolutionGuid = {89A888D6-735F-48A1-9DDA-7048BCC45873}
	EndGlobalSection
EndGlobal
